
Microsoft Visual Studio Solution File, Format Version 12.00
# Visual Studio Version 17
VisualStudioVersion = 17.8.34316.72
MinimumVisualStudioVersion = 10.0.40219.1
Project("{9A19103F-16F7-4668-BE54-9A1E7A4F7556}") = "Quotation.Domain", "Quotation.Domain\Quotation.Domain.csproj", "{4FF348B8-9AB6-4634-85B7-83DA2BA40B39}"
EndProject
Project("{9A19103F-16F7-4668-BE54-9A1E7A4F7556}") = "Quotation.Application", "Quotation.Application\Quotation.Application.csproj", "{C8BDA598-A5B0-4D24-AB8F-08DD24034917}"
EndProject
Project("{9A19103F-16F7-4668-BE54-9A1E7A4F7556}") = "Quotation.Infrastructure", "Quotation.Infrastructure\Quotation.Infrastructure.csproj", "{F75512B0-BABD-476C-9AD3-D749D7A51AD7}"
EndProject
Project("{FAE04EC0-301F-11D3-BF4B-00C04F79EFBC}") = "Quotation.Api", "Quotation.Api\Quotation.Api.csproj", "{5EE543A3-C51F-4830-88EA-73B31F4BF40E}"
EndProject
Global
	GlobalSection(SolutionConfigurationPlatforms) = preSolution
		Debug|Any CPU = Debug|Any CPU
		Release|Any CPU = Release|Any CPU
	EndGlobalSection
	GlobalSection(ProjectConfigurationPlatforms) = postSolution
		{4FF348B8-9AB6-4634-85B7-83DA2BA40B39}.Debug|Any CPU.ActiveCfg = Debug|Any CPU
		{4FF348B8-9AB6-4634-85B7-83DA2BA40B39}.Debug|Any CPU.Build.0 = Debug|Any CPU
		{4FF348B8-9AB6-4634-85B7-83DA2BA40B39}.Release|Any CPU.ActiveCfg = Release|Any CPU
		{4FF348B8-9AB6-4634-85B7-83DA2BA40B39}.Release|Any CPU.Build.0 = Release|Any CPU
		{C8BDA598-A5B0-4D24-AB8F-08DD24034917}.Debug|Any CPU.ActiveCfg = Debug|Any CPU
		{C8BDA598-A5B0-4D24-AB8F-08DD24034917}.Debug|Any CPU.Build.0 = Debug|Any CPU
		{C8BDA598-A5B0-4D24-AB8F-08DD24034917}.Release|Any CPU.ActiveCfg = Release|Any CPU
		{C8BDA598-A5B0-4D24-AB8F-08DD24034917}.Release|Any CPU.Build.0 = Release|Any CPU
		{F75512B0-BABD-476C-9AD3-D749D7A51AD7}.Debug|Any CPU.ActiveCfg = Debug|Any CPU
		{F75512B0-BABD-476C-9AD3-D749D7A51AD7}.Debug|Any CPU.Build.0 = Debug|Any CPU
		{F75512B0-BABD-476C-9AD3-D749D7A51AD7}.Release|Any CPU.ActiveCfg = Release|Any CPU
		{F75512B0-BABD-476C-9AD3-D749D7A51AD7}.Release|Any CPU.Build.0 = Release|Any CPU
		{5EE543A3-C51F-4830-88EA-73B31F4BF40E}.Debug|Any CPU.ActiveCfg = Debug|Any CPU
		{5EE543A3-C51F-4830-88EA-73B31F4BF40E}.Debug|Any CPU.Build.0 = Debug|Any CPU
		{5EE543A3-C51F-4830-88EA-73B31F4BF40E}.Release|Any CPU.ActiveCfg = Release|Any CPU
		{5EE543A3-C51F-4830-88EA-73B31F4BF40E}.Release|Any CPU.Build.0 = Release|Any CPU
	EndGlobalSection
	GlobalSection(SolutionProperties) = preSolution
		HideSolutionNode = FALSE
	EndGlobalSection
	GlobalSection(ExtensibilityGlobals) = postSolution
		SolutionGuid = {9B7E7674-1573-4EC1-A2FE-C129E64D1232}
	EndGlobalSection
EndGlobal
